<?xml version="1.0" encoding="UTF-8"?>
<CONFIG>
  <ProjectOptions>
    <Version Value="12"/>
    <General>
      <Flags>
        <CompatibilityMode Value="True"/>
      </Flags>
      <ResourceType Value="res"/>
      <UseXPManifest Value="True"/>
    </General>
    <VersionInfo>
      <Language Value=""/>
      <CharSet Value=""/>
    </VersionInfo>
    <BuildModes Count="1">
      <Item1 Name="default" Default="True"/>
    </BuildModes>
    <PublishOptions>
      <Version Value="2"/>
    </PublishOptions>
    <RunParams>
      <local>
        <LaunchingApplication PathPlusParams="/usr/X11R6/bin/xterm -T &apos;Lazarus Run Output&apos; -e $(LazarusDir)/tools/runwait.sh $(TargetCmdLine)"/>
      </local>
      <FormatVersion Value="2"/>
      <Modes Count="1">
        <Mode0 Name="default">
          <local>
            <LaunchingApplication PathPlusParams="/usr/X11R6/bin/xterm -T &apos;Lazarus Run Output&apos; -e $(LazarusDir)/tools/runwait.sh $(TargetCmdLine)"/>
          </local>
        </Mode0>
      </Modes>
    </RunParams>
    <RequiredPackages Count="3">
      <Item1>
        <PackageName Value="ImagesForLazarus"/>
      </Item1>
      <Item2>
        <PackageName Value="LazOpenGLContext"/>
      </Item2>
      <Item3>
        <PackageName Value="LCL"/>
      </Item3>
    </RequiredPackages>
    <Units Count="14">
      <Unit0>
        <Filename Value="project1.lpr"/>
        <IsPartOfProject Value="True"/>
        <EditorIndex Value="-1"/>
        <CursorPos Y="15"/>
        <UsageCount Value="58"/>
      </Unit0>
      <Unit1>
        <Filename Value="unit1.pas"/>
        <IsPartOfProject Value="True"/>
        <ComponentName Value="Form1"/>
        <HasResources Value="True"/>
        <ResourceBaseClass Value="Form"/>
        <UnitName Value="Unit1"/>
        <TopLine Value="115"/>
        <CursorPos Y="83"/>
        <UsageCount Value="58"/>
        <Loaded Value="True"/>
        <LoadedDesigner Value="True"/>
      </Unit1>
      <Unit2>
        <Filename Value="../dglopengl.pas"/>
        <TopLine Value="5394"/>
        <CursorPos X="3" Y="5406"/>
        <UsageCount Value="19"/>
      </Unit2>
      <Unit3>
        <Filename Value="../opengl_graphikengine.pas"/>
        <CursorPos X="6" Y="25"/>
        <UsageCount Value="23"/>
      </Unit3>
      <Unit4>
        <Filename Value="/home/corpsman/lazarus/components/images/lazpng.pas"/>
        <UsageCount Value="18"/>
      </Unit4>
      <Unit5>
        <Filename Value="../../Graphik/ugraphics.pas"/>
        <CursorPos X="3" Y="10"/>
        <UsageCount Value="18"/>
      </Unit5>
      <Unit6>
        <Filename Value="../../DatenSteuerung/uvectormath.ppu"/>
        <UsageCount Value="18"/>
      </Unit6>
      <Unit7>
        <Filename Value="../../DatenSteuerung/uvectormath.pas"/>
        <EditorIndex Value="-1"/>
        <WindowIndex Value="1"/>
        <TopLine Value="2150"/>
        <CursorPos X="28" Y="2191"/>
        <UsageCount Value="25"/>
      </Unit7>
      <Unit8>
        <Filename Value="../ucorp3d.pas"/>
        <IsPartOfProject Value="True"/>
        <UnitName Value="uCorP3D"/>
        <EditorIndex Value="1"/>
        <TopLine Value="34"/>
        <CursorPos X="15" Y="43"/>
        <ExtraEditorCount Value="1"/>
        <ExtraEditor1>
          <IsVisibleTab Value="True"/>
          <EditorIndex Value="-1"/>
          <WindowIndex Value="1"/>
          <TopLine Value="13"/>
          <CursorPos X="40" Y="33"/>
        </ExtraEditor1>
        <UsageCount Value="43"/>
        <Loaded Value="True"/>
      </Unit8>
      <Unit9>
        <Filename Value="../../OpenGL/dglopengl.pas"/>
        <IsPartOfProject Value="True"/>
        <UnitName Value="dglOpenGL"/>
        <EditorIndex Value="-1"/>
        <TopLine Value="27605"/>
        <CursorPos X="15" Y="27617"/>
        <UsageCount Value="43"/>
      </Unit9>
      <Unit10>
        <Filename Value="../ucorp3dtypes.pas"/>
        <IsPartOfProject Value="True"/>
        <EditorIndex Value="2"/>
        <TopLine Value="7"/>
        <CursorPos X="83" Y="29"/>
        <UsageCount Value="43"/>
        <Loaded Value="True"/>
      </Unit10>
      <Unit11>
        <Filename Value="../ucorp3dobjects.pas"/>
        <IsPartOfProject Value="True"/>
        <IsVisibleTab Value="True"/>
        <EditorIndex Value="3"/>
        <TopLine Value="112"/>
        <CursorPos X="6" Y="131"/>
        <ExtraEditorCount Value="1"/>
        <ExtraEditor1>
          <EditorIndex Value="-1"/>
          <WindowIndex Value="1"/>
          <TopLine Value="310"/>
          <CursorPos X="19" Y="334"/>
        </ExtraEditor1>
        <UsageCount Value="43"/>
        <Bookmarks Count="1">
          <Item0 X="67" Y="237" ID="1"/>
        </Bookmarks>
        <Loaded Value="True"/>
      </Unit11>
      <Unit12>
        <Filename Value="/usr/share/fpcsrc/3.2.2/rtl/inc/fpextres.pp"/>
        <EditorIndex Value="-1"/>
        <CursorPos X="6" Y="16"/>
        <UsageCount Value="9"/>
      </Unit12>
      <Unit13>
        <Filename Value="/usr/share/fpcsrc/3.2.2/rtl/objpas/classes/classesh.inc"/>
        <EditorIndex Value="-1"/>
        <TopLine Value="2186"/>
        <CursorPos X="10" Y="2206"/>
        <UsageCount Value="9"/>
      </Unit13>
    </Units>
    <JumpHistory Count="16" HistoryIndex="15">
      <Position1>
        <Filename Value="../ucorp3dobjects.pas"/>
        <Caret Line="229" TopLine="200"/>
      </Position1>
      <Position2>
        <Filename Value="../ucorp3dobjects.pas"/>
        <Caret Line="230" TopLine="200"/>
      </Position2>
      <Position3>
        <Filename Value="../ucorp3dobjects.pas"/>
        <Caret Line="231" TopLine="200"/>
      </Position3>
      <Position4>
        <Filename Value="../ucorp3dobjects.pas"/>
        <Caret Line="221" TopLine="200"/>
      </Position4>
      <Position5>
        <Filename Value="../ucorp3dobjects.pas"/>
        <Caret Line="222" TopLine="200"/>
      </Position5>
      <Position6>
        <Filename Value="../ucorp3dobjects.pas"/>
        <Caret Line="223" TopLine="200"/>
      </Position6>
      <Position7>
        <Filename Value="../ucorp3dobjects.pas"/>
        <Caret Line="224" Column="46" TopLine="200"/>
      </Position7>
      <Position8>
        <Filename Value="../ucorp3dobjects.pas"/>
        <Caret Line="220" TopLine="200"/>
      </Position8>
      <Position9>
        <Filename Value="../ucorp3dobjects.pas"/>
        <Caret Line="224" TopLine="200"/>
      </Position9>
      <Position10>
        <Filename Value="../ucorp3dobjects.pas"/>
        <Caret Line="176" Column="71" TopLine="147"/>
      </Position10>
      <Position11>
        <Filename Value="../ucorp3dobjects.pas"/>
        <Caret Line="208"/>
      </Position11>
      <Position12>
        <Filename Value="../ucorp3dobjects.pas"/>
        <Caret Line="240" Column="85" TopLine="204"/>
      </Position12>
      <Position13>
        <Filename Value="../ucorp3dobjects.pas"/>
        <Caret Line="208" TopLine="181"/>
      </Position13>
      <Position14>
        <Filename Value="../ucorp3dobjects.pas"/>
        <Caret Line="220" Column="28" TopLine="187"/>
      </Position14>
      <Position15>
        <Filename Value="../ucorp3dobjects.pas"/>
        <Caret Line="58" Column="21" TopLine="28"/>
      </Position15>
      <Position16>
        <Filename Value="../ucorp3dobjects.pas"/>
        <Caret Line="179" Column="14" TopLine="154"/>
      </Position16>
    </JumpHistory>
  </ProjectOptions>
  <CompilerOptions>
    <Version Value="11"/>
    <SearchPaths>
      <IncludeFiles Value="$(ProjOutDir)"/>
      <OtherUnitFiles Value="../../Graphik;../../DatenSteuerung;..;../../OpenGL"/>
    </SearchPaths>
    <Linking>
      <Options>
        <Win32>
          <GraphicApplication Value="True"/>
        </Win32>
      </Options>
    </Linking>
  </CompilerOptions>
  <Debugging>
    <Watches Count="2">
      <Item1>
        <Expression Value="fSATAchsis"/>
      </Item1>
      <Item2>
        <Expression Value="fConvexHullFaces"/>
      </Item2>
    </Watches>
    <Exceptions Count="3">
      <Item1>
        <Name Value="EAbort"/>
      </Item1>
      <Item2>
        <Name Value="ECodetoolError"/>
      </Item2>
      <Item3>
        <Name Value="EFOpenError"/>
      </Item3>
    </Exceptions>
  </Debugging>
</CONFIG>
